
Microsoft Visual Studio Solution File, Format Version 12.00
# Visual Studio 15
VisualStudioVersion = 15.0.26730.12
MinimumVisualStudioVersion = 10.0.40219.1
Project("{FAE04EC0-301F-11D3-BF4B-00C04F79EFBC}") = "BuildAZoo", "BuildAZoo\BuildAZoo.csproj", "{996E9125-BB39-4E1A-AA41-954EE311AC2D}"
EndProject
Global
	GlobalSection(SolutionConfigurationPlatforms) = preSolution
		Debug|Any CPU = Debug|Any CPU
		Release|Any CPU = Release|Any CPU
	EndGlobalSection
	GlobalSection(ProjectConfigurationPlatforms) = postSolution
		{996E9125-BB39-4E1A-AA41-954EE311AC2D}.Debug|Any CPU.ActiveCfg = Debug|Any CPU
		{996E9125-BB39-4E1A-AA41-954EE311AC2D}.Debug|Any CPU.Build.0 = Debug|Any CPU
		{996E9125-BB39-4E1A-AA41-954EE311AC2D}.Release|Any CPU.ActiveCfg = Release|Any CPU
		{996E9125-BB39-4E1A-AA41-954EE311AC2D}.Release|Any CPU.Build.0 = Release|Any CPU
	EndGlobalSection
	GlobalSection(SolutionProperties) = preSolution
		HideSolutionNode = FALSE
	EndGlobalSection
	GlobalSection(ExtensibilityGlobals) = postSolution
		SolutionGuid = {5361B35E-CE90-411B-BD46-2D4E3D210F8D}
	EndGlobalSection
EndGlobal
